
Microsoft Visual Studio Solution File, Format Version 12.00
# Visual Studio Version 17
VisualStudioVersion = 17.0.32126.317
MinimumVisualStudioVersion = 10.0.40219.1
Project("{FAE04EC0-301F-11D3-BF4B-00C04F79EFBC}") = "ProjectCharlie", "ProjectCharlie.csproj", "{053D685B-8450-43F2-8181-32B95C7151D6}"
EndProject
Global
	GlobalSection(SolutionConfigurationPlatforms) = preSolution
		Debug|Any CPU = Debug|Any CPU
		Release|Any CPU = Release|Any CPU
	EndGlobalSection
	GlobalSection(ProjectConfigurationPlatforms) = postSolution
		{053D685B-8450-43F2-8181-32B95C7151D6}.Debug|Any CPU.ActiveCfg = Debug|Any CPU
		{053D685B-8450-43F2-8181-32B95C7151D6}.Debug|Any CPU.Build.0 = Debug|Any CPU
		{053D685B-8450-43F2-8181-32B95C7151D6}.Release|Any CPU.ActiveCfg = Release|Any CPU
		{053D685B-8450-43F2-8181-32B95C7151D6}.Release|Any CPU.Build.0 = Release|Any CPU
	EndGlobalSection
	GlobalSection(SolutionProperties) = preSolution
		HideSolutionNode = FALSE
	EndGlobalSection
	GlobalSection(ExtensibilityGlobals) = postSolution
		SolutionGuid = {D99A5B4B-494A-4121-AACD-E33E1837F3F6}
	EndGlobalSection
EndGlobal
